
Microsoft Visual Studio Solution File, Format Version 12.00
# Visual Studio 2013
VisualStudioVersion = 12.0.30723.0
MinimumVisualStudioVersion = 10.0.40219.1
Project("{FAE04EC0-301F-11D3-BF4B-00C04F79EFBC}") = "Rikrop.Core.Threading", "Rikrop.Core.Threading\Rikrop.Core.Threading.csproj", "{59A25077-175E-4362-9A55-68575950BC03}"
EndProject
Project("{FAE04EC0-301F-11D3-BF4B-00C04F79EFBC}") = "Rikrop.Core.Threading.Test", "Rikrop.Core.Threading.Test\Rikrop.Core.Threading.Test.csproj", "{405D5A31-F4FA-46C6-ACA9-6944FDA1F39B}"
EndProject
Project("{2150E333-8FDC-42A3-9474-1A3956D46DE8}") = ".nuget", ".nuget", "{1FDC6667-34CE-498C-A829-49CC1B582055}"
	ProjectSection(SolutionItems) = preProject
		.nuget\NuGet.Config = .nuget\NuGet.Config
		.nuget\NuGet.exe = .nuget\NuGet.exe
		.nuget\NuGet.targets = .nuget\NuGet.targets
	EndProjectSection
EndProject
Project("{FAE04EC0-301F-11D3-BF4B-00C04F79EFBC}") = "Rikrop.Core.Threading.40", "Rikrop.Core.Threading.40\Rikrop.Core.Threading.40.csproj", "{CE6C3C9D-973A-4DA0-B473-3A1658F03F79}"
EndProject
Global
	GlobalSection(SolutionConfigurationPlatforms) = preSolution
		Debug|Any CPU = Debug|Any CPU
		Release|Any CPU = Release|Any CPU
	EndGlobalSection
	GlobalSection(ProjectConfigurationPlatforms) = postSolution
		{59A25077-175E-4362-9A55-68575950BC03}.Debug|Any CPU.ActiveCfg = Debug|Any CPU
		{59A25077-175E-4362-9A55-68575950BC03}.Debug|Any CPU.Build.0 = Debug|Any CPU
		{59A25077-175E-4362-9A55-68575950BC03}.Release|Any CPU.ActiveCfg = Release|Any CPU
		{59A25077-175E-4362-9A55-68575950BC03}.Release|Any CPU.Build.0 = Release|Any CPU
		{405D5A31-F4FA-46C6-ACA9-6944FDA1F39B}.Debug|Any CPU.ActiveCfg = Debug|Any CPU
		{405D5A31-F4FA-46C6-ACA9-6944FDA1F39B}.Debug|Any CPU.Build.0 = Debug|Any CPU
		{405D5A31-F4FA-46C6-ACA9-6944FDA1F39B}.Release|Any CPU.ActiveCfg = Release|Any CPU
		{405D5A31-F4FA-46C6-ACA9-6944FDA1F39B}.Release|Any CPU.Build.0 = Release|Any CPU
		{CE6C3C9D-973A-4DA0-B473-3A1658F03F79}.Debug|Any CPU.ActiveCfg = Debug|Any CPU
		{CE6C3C9D-973A-4DA0-B473-3A1658F03F79}.Debug|Any CPU.Build.0 = Debug|Any CPU
		{CE6C3C9D-973A-4DA0-B473-3A1658F03F79}.Release|Any CPU.ActiveCfg = Release|Any CPU
		{CE6C3C9D-973A-4DA0-B473-3A1658F03F79}.Release|Any CPU.Build.0 = Release|Any CPU
	EndGlobalSection
	GlobalSection(SolutionProperties) = preSolution
		HideSolutionNode = FALSE
	EndGlobalSection
EndGlobal
